
Microsoft Visual Studio Solution File, Format Version 12.00
# Visual Studio Version 17
VisualStudioVersion = 17.5.33516.290
MinimumVisualStudioVersion = 10.0.40219.1
Project("{FAE04EC0-301F-11D3-BF4B-00C04F79EFBC}") = "CalcArea", "CalcArea\CalcArea.csproj", "{C6E3F624-0848-455B-BECC-869E3981DE1A}"
EndProject
Global
	GlobalSection(SolutionConfigurationPlatforms) = preSolution
		Debug|Any CPU = Debug|Any CPU
		Release|Any CPU = Release|Any CPU
	EndGlobalSection
	GlobalSection(ProjectConfigurationPlatforms) = postSolution
		{C6E3F624-0848-455B-BECC-869E3981DE1A}.Debug|Any CPU.ActiveCfg = Debug|Any CPU
		{C6E3F624-0848-455B-BECC-869E3981DE1A}.Debug|Any CPU.Build.0 = Debug|Any CPU
		{C6E3F624-0848-455B-BECC-869E3981DE1A}.Release|Any CPU.ActiveCfg = Release|Any CPU
		{C6E3F624-0848-455B-BECC-869E3981DE1A}.Release|Any CPU.Build.0 = Release|Any CPU
	EndGlobalSection
	GlobalSection(SolutionProperties) = preSolution
		HideSolutionNode = FALSE
	EndGlobalSection
	GlobalSection(ExtensibilityGlobals) = postSolution
		SolutionGuid = {35CA8221-DB32-429E-887B-C07571FB5D6B}
	EndGlobalSection
EndGlobal
